hash: f98b9559f695a972397dc200eb744bbba404677a1b6e7dae464e5c2870e5f231
updated: 2018-06-17T16:33:39.218810742+03:00
imports:
- name: github.com/agl/ed25519
  version: 5312a61534124124185d41f09206b9fef1d88403
  subpackages:
  - edwards25519
  - extra25519
- name: github.com/btcsuite/btcd
  version: 86fed781132ac890ee03e906e4ecd5d6fa180c64
  subpackages:
  - btcec
- name: github.com/gogo/protobuf
  version: 1adfc126b41513cc696b209667c8656ea7aac67c
  subpackages:
  - proto
- name: github.com/ipfs/go-ipfs-api
  version: 4e18c90494642212ec8f4a64e9328e6a4306a204
- name: github.com/libp2p/go-libp2p-crypto
  version: 18915b5467c77ad8c07a35328c2cab468667a4e8
  subpackages:
  - pb
- name: github.com/minio/sha256-simd
  version: ad98a36ba0da87206e3378c556abbfeaeaa98668
- name: github.com/satori/go.uuid
  version: f58768cc1a7a7e77a3bd49e98cdd21419399b6a3
- name: github.com/tendermint/abci
  version: 9af8b7a7c87478869f8c280ed9539470b8f470b4
  subpackages:
  - client
- name: github.com/tendermint/go-crypto
  version: e1ce3ffe0fd100816e597d842ee6e476dd320b9c
- name: github.com/tendermint/go-rpc
  version: 2c8df0ee6b60d8ac33662df13a4e358c679e02bf
  subpackages:
  - client
- name: github.com/urfave/cli
  version: cfb38830724cc34fedffe9a2a29fb54fa9169cd1
- name: golang.org/x/crypto
  version: ab813273cd59e1333f7ae7bff5d027d4aadf528c
  subpackages:
  - nacl/secretbox
testImports:
- name: github.com/stretchr/testify
  version: 12b6f73e6084dad08a7c6e575284b177ecafbc71
  subpackages:
  - assert
